
Microsoft Visual Studio Solution File, Format Version 12.00
# Visual Studio 15
VisualStudioVersion = 15.0.28307.168
MinimumVisualStudioVersion = 10.0.40219.1
Project("{FAE04EC0-301F-11D3-BF4B-00C04F79EFBC}") = "Vision.Player", "Vision.Player\Vision.Player.csproj", "{84183D20-03D6-4893-B2A6-96112BA12AB1}"
EndProject
Project("{FAE04EC0-301F-11D3-BF4B-00C04F79EFBC}") = "Vision.Alpr.Engine", "Vision.Alpr.Engine\Vision.Alpr.Engine.csproj", "{CB7312FF-2CC6-4252-9E42-9FDE0193897F}"
EndProject
Project("{FAE04EC0-301F-11D3-BF4B-00C04F79EFBC}") = "Vision.Face.Engine", "Vision.Face.Engine\Vision.Face.Engine.csproj", "{1925668F-BC83-4ACD-A033-8CF0F00E85F4}"
EndProject
Project("{FAE04EC0-301F-11D3-BF4B-00C04F79EFBC}") = "Vision.Fingerprint.Engine", "Vision.Fingerprint.Engine\Vision.Fingerprint.Engine.csproj", "{01E724E7-5841-48B9-B4FC-AAD050E13251}"
EndProject
Project("{FAE04EC0-301F-11D3-BF4B-00C04F79EFBC}") = "Vision.DataModel", "Vision.DataModel\Vision.DataModel.csproj", "{9E1B0823-55D8-451E-9813-485D8CC4CB5F}"
EndProject
Project("{FAE04EC0-301F-11D3-BF4B-00C04F79EFBC}") = "Vision", "Vision\Vision.csproj", "{B0C7B015-601E-407C-83BB-8F79001CB688}"
EndProject
Project("{FAE04EC0-301F-11D3-BF4B-00C04F79EFBC}") = "Vision.ClientSync.Plg", "Vision.ClientSync.Plg\Vision.ClientSync.Plg.csproj", "{A58DB4B9-39D1-4B0F-B25C-45DB717A1F14}"
EndProject
Project("{FAE04EC0-301F-11D3-BF4B-00C04F79EFBC}") = "Vision.DbMonitor.Plg", "Vision.DbMonitor.Plg\Vision.DbMonitor.Plg.csproj", "{6991BF1E-0B3E-4D91-BB13-B289836EB408}"
EndProject
Project("{FAE04EC0-301F-11D3-BF4B-00C04F79EFBC}") = "Vision.GlobalVars", "Vision.GlobalVars\Vision.GlobalVars.csproj", "{04C33DC2-6AD9-4D2E-A532-88D46F8921EF}"
EndProject
Project("{FAE04EC0-301F-11D3-BF4B-00C04F79EFBC}") = "Vision.Interfaces", "Vision.Interfaces\Vision.Interfaces.csproj", "{17D83C0C-D57A-4BB0-A7E9-7006E87E54F3}"
EndProject
Project("{FAE04EC0-301F-11D3-BF4B-00C04F79EFBC}") = "Vision.Others", "Vision.Others\Vision.Others.csproj", "{195ACC33-111C-4AC4-A624-1EA4644D6162}"
EndProject
Project("{FAE04EC0-301F-11D3-BF4B-00C04F79EFBC}") = "Vision.Reports", "Vision.Reports\Vision.Reports.csproj", "{D2493E0B-1A34-4AF5-B641-21F9B8F836DD}"
EndProject
Project("{FAE04EC0-301F-11D3-BF4B-00C04F79EFBC}") = "Vision.Service.DataBaseSync", "Vision.Service.DataBaseSync\Vision.Service.DataBaseSync.csproj", "{F22E80F9-7177-4F10-80FA-48A08F1850BC}"
EndProject
Project("{FAE04EC0-301F-11D3-BF4B-00C04F79EFBC}") = "Vision.Users", "Vision.Users\Vision.Users.csproj", "{D17A54FD-19D2-4F13-925C-9F6579058242}"
EndProject
Project("{FAE04EC0-301F-11D3-BF4B-00C04F79EFBC}") = "Vision.Utils", "Vision.Utils\Vision.Utils.csproj", "{CCC72C2F-AAA4-4D9B-8479-4B458D54D9E2}"
EndProject
Project("{FAE04EC0-301F-11D3-BF4B-00C04F79EFBC}") = "Vision.UtilsUI", "Vision.UtilsUI\Vision.UtilsUI.csproj", "{978F1125-E612-49BD-B64D-747F06CD8F5A}"
EndProject
Project("{2150E333-8FDC-42A3-9474-1A3956D46DE8}") = "T1", "T1", "{F9070047-6C51-4294-978D-333507FE6ACA}"
EndProject
Project("{2150E333-8FDC-42A3-9474-1A3956D46DE8}") = "T0", "T0", "{9F90E0A9-CA1C-4C97-B839-BD4715650149}"
EndProject
Project("{FAE04EC0-301F-11D3-BF4B-00C04F79EFBC}") = "AppTmp", "AppTmp\AppTmp.csproj", "{4C4B7E43-AED6-4163-87FD-F74F5B275C48}"
EndProject
Project("{2150E333-8FDC-42A3-9474-1A3956D46DE8}") = "Engine", "Engine", "{8C148157-27EE-4AF1-80BC-35D984C23274}"
EndProject
Global
	GlobalSection(SolutionConfigurationPlatforms) = preSolution
		Debug|Any CPU = Debug|Any CPU
		Debug|x64 = Debug|x64
		Debug|x86 = Debug|x86
		Release|Any CPU = Release|Any CPU
		Release|x64 = Release|x64
		Release|x86 = Release|x86
	EndGlobalSection
	GlobalSection(ProjectConfigurationPlatforms) = postSolution
		{84183D20-03D6-4893-B2A6-96112BA12AB1}.Debug|Any CPU.ActiveCfg = Debug|Any CPU
		{84183D20-03D6-4893-B2A6-96112BA12AB1}.Debug|Any CPU.Build.0 = Debug|Any CPU
		{84183D20-03D6-4893-B2A6-96112BA12AB1}.Debug|x64.ActiveCfg = Debug|x64
		{84183D20-03D6-4893-B2A6-96112BA12AB1}.Debug|x64.Build.0 = Debug|x64
		{84183D20-03D6-4893-B2A6-96112BA12AB1}.Debug|x86.ActiveCfg = Debug|Any CPU
		{84183D20-03D6-4893-B2A6-96112BA12AB1}.Debug|x86.Build.0 = Debug|Any CPU
		{84183D20-03D6-4893-B2A6-96112BA12AB1}.Release|Any CPU.ActiveCfg = Release|Any CPU
		{84183D20-03D6-4893-B2A6-96112BA12AB1}.Release|Any CPU.Build.0 = Release|Any CPU
		{84183D20-03D6-4893-B2A6-96112BA12AB1}.Release|x64.ActiveCfg = Release|x64
		{84183D20-03D6-4893-B2A6-96112BA12AB1}.Release|x64.Build.0 = Release|x64
		{84183D20-03D6-4893-B2A6-96112BA12AB1}.Release|x86.ActiveCfg = Release|Any CPU
		{84183D20-03D6-4893-B2A6-96112BA12AB1}.Release|x86.Build.0 = Release|Any CPU
		{CB7312FF-2CC6-4252-9E42-9FDE0193897F}.Debug|Any CPU.ActiveCfg = Debug|Any CPU
		{CB7312FF-2CC6-4252-9E42-9FDE0193897F}.Debug|Any CPU.Build.0 = Debug|Any CPU
		{CB7312FF-2CC6-4252-9E42-9FDE0193897F}.Debug|x64.ActiveCfg = Debug|x64
		{CB7312FF-2CC6-4252-9E42-9FDE0193897F}.Debug|x64.Build.0 = Debug|x64
		{CB7312FF-2CC6-4252-9E42-9FDE0193897F}.Debug|x86.ActiveCfg = Debug|Any CPU
		{CB7312FF-2CC6-4252-9E42-9FDE0193897F}.Debug|x86.Build.0 = Debug|Any CPU
		{CB7312FF-2CC6-4252-9E42-9FDE0193897F}.Release|Any CPU.ActiveCfg = Release|Any CPU
		{CB7312FF-2CC6-4252-9E42-9FDE0193897F}.Release|Any CPU.Build.0 = Release|Any CPU
		{CB7312FF-2CC6-4252-9E42-9FDE0193897F}.Release|x64.ActiveCfg = Release|x64
		{CB7312FF-2CC6-4252-9E42-9FDE0193897F}.Release|x64.Build.0 = Release|x64
		{CB7312FF-2CC6-4252-9E42-9FDE0193897F}.Release|x86.ActiveCfg = Release|Any CPU
		{CB7312FF-2CC6-4252-9E42-9FDE0193897F}.Release|x86.Build.0 = Release|Any CPU
		{1925668F-BC83-4ACD-A033-8CF0F00E85F4}.Debug|Any CPU.ActiveCfg = Debug|Any CPU
		{1925668F-BC83-4ACD-A033-8CF0F00E85F4}.Debug|Any CPU.Build.0 = Debug|Any CPU
		{1925668F-BC83-4ACD-A033-8CF0F00E85F4}.Debug|x64.ActiveCfg = Debug|x64
		{1925668F-BC83-4ACD-A033-8CF0F00E85F4}.Debug|x64.Build.0 = Debug|x64
		{1925668F-BC83-4ACD-A033-8CF0F00E85F4}.Debug|x86.ActiveCfg = Debug|Any CPU
		{1925668F-BC83-4ACD-A033-8CF0F00E85F4}.Debug|x86.Build.0 = Debug|Any CPU
		{1925668F-BC83-4ACD-A033-8CF0F00E85F4}.Release|Any CPU.ActiveCfg = Release|Any CPU
		{1925668F-BC83-4ACD-A033-8CF0F00E85F4}.Release|Any CPU.Build.0 = Release|Any CPU
		{1925668F-BC83-4ACD-A033-8CF0F00E85F4}.Release|x64.ActiveCfg = Release|x64
		{1925668F-BC83-4ACD-A033-8CF0F00E85F4}.Release|x64.Build.0 = Release|x64
		{1925668F-BC83-4ACD-A033-8CF0F00E85F4}.Release|x86.ActiveCfg = Release|Any CPU
		{1925668F-BC83-4ACD-A033-8CF0F00E85F4}.Release|x86.Build.0 = Release|Any CPU
		{01E724E7-5841-48B9-B4FC-AAD050E13251}.Debug|Any CPU.ActiveCfg = Debug|Any CPU
		{01E724E7-5841-48B9-B4FC-AAD050E13251}.Debug|Any CPU.Build.0 = Debug|Any CPU
		{01E724E7-5841-48B9-B4FC-AAD050E13251}.Debug|x64.ActiveCfg = Debug|x64
		{01E724E7-5841-48B9-B4FC-AAD050E13251}.Debug|x64.Build.0 = Debug|x64
		{01E724E7-5841-48B9-B4FC-AAD050E13251}.Debug|x86.ActiveCfg = Debug|Any CPU
		{01E724E7-5841-48B9-B4FC-AAD050E13251}.Debug|x86.Build.0 = Debug|Any CPU
		{01E724E7-5841-48B9-B4FC-AAD050E13251}.Release|Any CPU.ActiveCfg = Release|Any CPU
		{01E724E7-5841-48B9-B4FC-AAD050E13251}.Release|Any CPU.Build.0 = Release|Any CPU
		{01E724E7-5841-48B9-B4FC-AAD050E13251}.Release|x64.ActiveCfg = Release|x64
		{01E724E7-5841-48B9-B4FC-AAD050E13251}.Release|x64.Build.0 = Release|x64
		{01E724E7-5841-48B9-B4FC-AAD050E13251}.Release|x86.ActiveCfg = Release|Any CPU
		{01E724E7-5841-48B9-B4FC-AAD050E13251}.Release|x86.Build.0 = Release|Any CPU
		{9E1B0823-55D8-451E-9813-485D8CC4CB5F}.Debug|Any CPU.ActiveCfg = Debug|Any CPU
		{9E1B0823-55D8-451E-9813-485D8CC4CB5F}.Debug|Any CPU.Build.0 = Debug|Any CPU
		{9E1B0823-55D8-451E-9813-485D8CC4CB5F}.Debug|x64.ActiveCfg = Debug|x64
		{9E1B0823-55D8-451E-9813-485D8CC4CB5F}.Debug|x64.Build.0 = Debug|x64
		{9E1B0823-55D8-451E-9813-485D8CC4CB5F}.Debug|x86.ActiveCfg = Debug|Any CPU
		{9E1B0823-55D8-451E-9813-485D8CC4CB5F}.Debug|x86.Build.0 = Debug|Any CPU
		{9E1B0823-55D8-451E-9813-485D8CC4CB5F}.Release|Any CPU.ActiveCfg = Release|Any CPU
		{9E1B0823-55D8-451E-9813-485D8CC4CB5F}.Release|Any CPU.Build.0 = Release|Any CPU
		{9E1B0823-55D8-451E-9813-485D8CC4CB5F}.Release|x64.ActiveCfg = Release|x64
		{9E1B0823-55D8-451E-9813-485D8CC4CB5F}.Release|x64.Build.0 = Release|x64
		{9E1B0823-55D8-451E-9813-485D8CC4CB5F}.Release|x86.ActiveCfg = Release|Any CPU
		{9E1B0823-55D8-451E-9813-485D8CC4CB5F}.Release|x86.Build.0 = Release|Any CPU
		{B0C7B015-601E-407C-83BB-8F79001CB688}.Debug|Any CPU.ActiveCfg = Debug|Any CPU
		{B0C7B015-601E-407C-83BB-8F79001CB688}.Debug|Any CPU.Build.0 = Debug|Any CPU
		{B0C7B015-601E-407C-83BB-8F79001CB688}.Debug|x64.ActiveCfg = Debug|x64
		{B0C7B015-601E-407C-83BB-8F79001CB688}.Debug|x64.Build.0 = Debug|x64
		{B0C7B015-601E-407C-83BB-8F79001CB688}.Debug|x86.ActiveCfg = Debug|Any CPU
		{B0C7B015-601E-407C-83BB-8F79001CB688}.Debug|x86.Build.0 = Debug|Any CPU
		{B0C7B015-601E-407C-83BB-8F79001CB688}.Release|Any CPU.ActiveCfg = Release|Any CPU
		{B0C7B015-601E-407C-83BB-8F79001CB688}.Release|Any CPU.Build.0 = Release|Any CPU
		{B0C7B015-601E-407C-83BB-8F79001CB688}.Release|x64.ActiveCfg = Release|x64
		{B0C7B015-601E-407C-83BB-8F79001CB688}.Release|x64.Build.0 = Release|x64
		{B0C7B015-601E-407C-83BB-8F79001CB688}.Release|x86.ActiveCfg = Release|Any CPU
		{B0C7B015-601E-407C-83BB-8F79001CB688}.Release|x86.Build.0 = Release|Any CPU
		{A58DB4B9-39D1-4B0F-B25C-45DB717A1F14}.Debug|Any CPU.ActiveCfg = Debug|Any CPU
		{A58DB4B9-39D1-4B0F-B25C-45DB717A1F14}.Debug|Any CPU.Build.0 = Debug|Any CPU
		{A58DB4B9-39D1-4B0F-B25C-45DB717A1F14}.Debug|x64.ActiveCfg = Debug|Any CPU
		{A58DB4B9-39D1-4B0F-B25C-45DB717A1F14}.Debug|x64.Build.0 = Debug|Any CPU
		{A58DB4B9-39D1-4B0F-B25C-45DB717A1F14}.Debug|x86.ActiveCfg = Debug|Any CPU
		{A58DB4B9-39D1-4B0F-B25C-45DB717A1F14}.Debug|x86.Build.0 = Debug|Any CPU
		{A58DB4B9-39D1-4B0F-B25C-45DB717A1F14}.Release|Any CPU.ActiveCfg = Release|Any CPU
		{A58DB4B9-39D1-4B0F-B25C-45DB717A1F14}.Release|Any CPU.Build.0 = Release|Any CPU
		{A58DB4B9-39D1-4B0F-B25C-45DB717A1F14}.Release|x64.ActiveCfg = Release|Any CPU
		{A58DB4B9-39D1-4B0F-B25C-45DB717A1F14}.Release|x64.Build.0 = Release|Any CPU
		{A58DB4B9-39D1-4B0F-B25C-45DB717A1F14}.Release|x86.ActiveCfg = Release|Any CPU
		{A58DB4B9-39D1-4B0F-B25C-45DB717A1F14}.Release|x86.Build.0 = Release|Any CPU
		{6991BF1E-0B3E-4D91-BB13-B289836EB408}.Debug|Any CPU.ActiveCfg = Debug|Any CPU
		{6991BF1E-0B3E-4D91-BB13-B289836EB408}.Debug|Any CPU.Build.0 = Debug|Any CPU
		{6991BF1E-0B3E-4D91-BB13-B289836EB408}.Debug|x64.ActiveCfg = Debug|Any CPU
		{6991BF1E-0B3E-4D91-BB13-B289836EB408}.Debug|x64.Build.0 = Debug|Any CPU
		{6991BF1E-0B3E-4D91-BB13-B289836EB408}.Debug|x86.ActiveCfg = Debug|Any CPU
		{6991BF1E-0B3E-4D91-BB13-B289836EB408}.Debug|x86.Build.0 = Debug|Any CPU
		{6991BF1E-0B3E-4D91-BB13-B289836EB408}.Release|Any CPU.ActiveCfg = Release|Any CPU
		{6991BF1E-0B3E-4D91-BB13-B289836EB408}.Release|Any CPU.Build.0 = Release|Any CPU
		{6991BF1E-0B3E-4D91-BB13-B289836EB408}.Release|x64.ActiveCfg = Release|Any CPU
		{6991BF1E-0B3E-4D91-BB13-B289836EB408}.Release|x64.Build.0 = Release|Any CPU
		{6991BF1E-0B3E-4D91-BB13-B289836EB408}.Release|x86.ActiveCfg = Release|Any CPU
		{6991BF1E-0B3E-4D91-BB13-B289836EB408}.Release|x86.Build.0 = Release|Any CPU
		{04C33DC2-6AD9-4D2E-A532-88D46F8921EF}.Debug|Any CPU.ActiveCfg = Debug|Any CPU
		{04C33DC2-6AD9-4D2E-A532-88D46F8921EF}.Debug|Any CPU.Build.0 = Debug|Any CPU
		{04C33DC2-6AD9-4D2E-A532-88D46F8921EF}.Debug|x64.ActiveCfg = Debug|Any CPU
		{04C33DC2-6AD9-4D2E-A532-88D46F8921EF}.Debug|x64.Build.0 = Debug|Any CPU
		{04C33DC2-6AD9-4D2E-A532-88D46F8921EF}.Debug|x86.ActiveCfg = Debug|Any CPU
		{04C33DC2-6AD9-4D2E-A532-88D46F8921EF}.Debug|x86.Build.0 = Debug|Any CPU
		{04C33DC2-6AD9-4D2E-A532-88D46F8921EF}.Release|Any CPU.ActiveCfg = Release|Any CPU
		{04C33DC2-6AD9-4D2E-A532-88D46F8921EF}.Release|Any CPU.Build.0 = Release|Any CPU
		{04C33DC2-6AD9-4D2E-A532-88D46F8921EF}.Release|x64.ActiveCfg = Release|Any CPU
		{04C33DC2-6AD9-4D2E-A532-88D46F8921EF}.Release|x64.Build.0 = Release|Any CPU
		{04C33DC2-6AD9-4D2E-A532-88D46F8921EF}.Release|x86.ActiveCfg = Release|Any CPU
		{04C33DC2-6AD9-4D2E-A532-88D46F8921EF}.Release|x86.Build.0 = Release|Any CPU
		{17D83C0C-D57A-4BB0-A7E9-7006E87E54F3}.Debug|Any CPU.ActiveCfg = Debug|Any CPU
		{17D83C0C-D57A-4BB0-A7E9-7006E87E54F3}.Debug|Any CPU.Build.0 = Debug|Any CPU
		{17D83C0C-D57A-4BB0-A7E9-7006E87E54F3}.Debug|x64.ActiveCfg = Debug|Any CPU
		{17D83C0C-D57A-4BB0-A7E9-7006E87E54F3}.Debug|x64.Build.0 = Debug|Any CPU
		{17D83C0C-D57A-4BB0-A7E9-7006E87E54F3}.Debug|x86.ActiveCfg = Debug|Any CPU
		{17D83C0C-D57A-4BB0-A7E9-7006E87E54F3}.Debug|x86.Build.0 = Debug|Any CPU
		{17D83C0C-D57A-4BB0-A7E9-7006E87E54F3}.Release|Any CPU.ActiveCfg = Release|Any CPU
		{17D83C0C-D57A-4BB0-A7E9-7006E87E54F3}.Release|Any CPU.Build.0 = Release|Any CPU
		{17D83C0C-D57A-4BB0-A7E9-7006E87E54F3}.Release|x64.ActiveCfg = Release|Any CPU
		{17D83C0C-D57A-4BB0-A7E9-7006E87E54F3}.Release|x64.Build.0 = Release|Any CPU
		{17D83C0C-D57A-4BB0-A7E9-7006E87E54F3}.Release|x86.ActiveCfg = Release|Any CPU
		{17D83C0C-D57A-4BB0-A7E9-7006E87E54F3}.Release|x86.Build.0 = Release|Any CPU
		{195ACC33-111C-4AC4-A624-1EA4644D6162}.Debug|Any CPU.ActiveCfg = Debug|Any CPU
		{195ACC33-111C-4AC4-A624-1EA4644D6162}.Debug|Any CPU.Build.0 = Debug|Any CPU
		{195ACC33-111C-4AC4-A624-1EA4644D6162}.Debug|x64.ActiveCfg = Debug|Any CPU
		{195ACC33-111C-4AC4-A624-1EA4644D6162}.Debug|x64.Build.0 = Debug|Any CPU
		{195ACC33-111C-4AC4-A624-1EA4644D6162}.Debug|x86.ActiveCfg = Debug|Any CPU
		{195ACC33-111C-4AC4-A624-1EA4644D6162}.Debug|x86.Build.0 = Debug|Any CPU
		{195ACC33-111C-4AC4-A624-1EA4644D6162}.Release|Any CPU.ActiveCfg = Release|Any CPU
		{195ACC33-111C-4AC4-A624-1EA4644D6162}.Release|Any CPU.Build.0 = Release|Any CPU
		{195ACC33-111C-4AC4-A624-1EA4644D6162}.Release|x64.ActiveCfg = Release|Any CPU
		{195ACC33-111C-4AC4-A624-1EA4644D6162}.Release|x64.Build.0 = Release|Any CPU
		{195ACC33-111C-4AC4-A624-1EA4644D6162}.Release|x86.ActiveCfg = Release|Any CPU
		{195ACC33-111C-4AC4-A624-1EA4644D6162}.Release|x86.Build.0 = Release|Any CPU
		{D2493E0B-1A34-4AF5-B641-21F9B8F836DD}.Debug|Any CPU.ActiveCfg = Debug|Any CPU
		{D2493E0B-1A34-4AF5-B641-21F9B8F836DD}.Debug|Any CPU.Build.0 = Debug|Any CPU
		{D2493E0B-1A34-4AF5-B641-21F9B8F836DD}.Debug|x64.ActiveCfg = Debug|Any CPU
		{D2493E0B-1A34-4AF5-B641-21F9B8F836DD}.Debug|x64.Build.0 = Debug|Any CPU
		{D2493E0B-1A34-4AF5-B641-21F9B8F836DD}.Debug|x86.ActiveCfg = Debug|Any CPU
		{D2493E0B-1A34-4AF5-B641-21F9B8F836DD}.Debug|x86.Build.0 = Debug|Any CPU
		{D2493E0B-1A34-4AF5-B641-21F9B8F836DD}.Release|Any CPU.ActiveCfg = Release|Any CPU
		{D2493E0B-1A34-4AF5-B641-21F9B8F836DD}.Release|Any CPU.Build.0 = Release|Any CPU
		{D2493E0B-1A34-4AF5-B641-21F9B8F836DD}.Release|x64.ActiveCfg = Release|Any CPU
		{D2493E0B-1A34-4AF5-B641-21F9B8F836DD}.Release|x64.Build.0 = Release|Any CPU
		{D2493E0B-1A34-4AF5-B641-21F9B8F836DD}.Release|x86.ActiveCfg = Release|Any CPU
		{D2493E0B-1A34-4AF5-B641-21F9B8F836DD}.Release|x86.Build.0 = Release|Any CPU
		{F22E80F9-7177-4F10-80FA-48A08F1850BC}.Debug|Any CPU.ActiveCfg = Debug|Any CPU
		{F22E80F9-7177-4F10-80FA-48A08F1850BC}.Debug|Any CPU.Build.0 = Debug|Any CPU
		{F22E80F9-7177-4F10-80FA-48A08F1850BC}.Debug|x64.ActiveCfg = Debug|Any CPU
		{F22E80F9-7177-4F10-80FA-48A08F1850BC}.Debug|x64.Build.0 = Debug|Any CPU
		{F22E80F9-7177-4F10-80FA-48A08F1850BC}.Debug|x86.ActiveCfg = Debug|Any CPU
		{F22E80F9-7177-4F10-80FA-48A08F1850BC}.Debug|x86.Build.0 = Debug|Any CPU
		{F22E80F9-7177-4F10-80FA-48A08F1850BC}.Release|Any CPU.ActiveCfg = Release|Any CPU
		{F22E80F9-7177-4F10-80FA-48A08F1850BC}.Release|Any CPU.Build.0 = Release|Any CPU
		{F22E80F9-7177-4F10-80FA-48A08F1850BC}.Release|x64.ActiveCfg = Release|Any CPU
		{F22E80F9-7177-4F10-80FA-48A08F1850BC}.Release|x64.Build.0 = Release|Any CPU
		{F22E80F9-7177-4F10-80FA-48A08F1850BC}.Release|x86.ActiveCfg = Release|Any CPU
		{F22E80F9-7177-4F10-80FA-48A08F1850BC}.Release|x86.Build.0 = Release|Any CPU
		{D17A54FD-19D2-4F13-925C-9F6579058242}.Debug|Any CPU.ActiveCfg = Debug|Any CPU
		{D17A54FD-19D2-4F13-925C-9F6579058242}.Debug|Any CPU.Build.0 = Debug|Any CPU
		{D17A54FD-19D2-4F13-925C-9F6579058242}.Debug|x64.ActiveCfg = Debug|Any CPU
		{D17A54FD-19D2-4F13-925C-9F6579058242}.Debug|x64.Build.0 = Debug|Any CPU
		{D17A54FD-19D2-4F13-925C-9F6579058242}.Debug|x86.ActiveCfg = Debug|Any CPU
		{D17A54FD-19D2-4F13-925C-9F6579058242}.Debug|x86.Build.0 = Debug|Any CPU
		{D17A54FD-19D2-4F13-925C-9F6579058242}.Release|Any CPU.ActiveCfg = Release|Any CPU
		{D17A54FD-19D2-4F13-925C-9F6579058242}.Release|Any CPU.Build.0 = Release|Any CPU
		{D17A54FD-19D2-4F13-925C-9F6579058242}.Release|x64.ActiveCfg = Release|Any CPU
		{D17A54FD-19D2-4F13-925C-9F6579058242}.Release|x64.Build.0 = Release|Any CPU
		{D17A54FD-19D2-4F13-925C-9F6579058242}.Release|x86.ActiveCfg = Release|Any CPU
		{D17A54FD-19D2-4F13-925C-9F6579058242}.Release|x86.Build.0 = Release|Any CPU
		{CCC72C2F-AAA4-4D9B-8479-4B458D54D9E2}.Debug|Any CPU.ActiveCfg = Debug|Any CPU
		{CCC72C2F-AAA4-4D9B-8479-4B458D54D9E2}.Debug|Any CPU.Build.0 = Debug|Any CPU
		{CCC72C2F-AAA4-4D9B-8479-4B458D54D9E2}.Debug|x64.ActiveCfg = Debug|x64
		{CCC72C2F-AAA4-4D9B-8479-4B458D54D9E2}.Debug|x64.Build.0 = Debug|x64
		{CCC72C2F-AAA4-4D9B-8479-4B458D54D9E2}.Debug|x86.ActiveCfg = Debug|x86
		{CCC72C2F-AAA4-4D9B-8479-4B458D54D9E2}.Debug|x86.Build.0 = Debug|x86
		{CCC72C2F-AAA4-4D9B-8479-4B458D54D9E2}.Release|Any CPU.ActiveCfg = Release|Any CPU
		{CCC72C2F-AAA4-4D9B-8479-4B458D54D9E2}.Release|Any CPU.Build.0 = Release|Any CPU
		{CCC72C2F-AAA4-4D9B-8479-4B458D54D9E2}.Release|x64.ActiveCfg = Release|x64
		{CCC72C2F-AAA4-4D9B-8479-4B458D54D9E2}.Release|x64.Build.0 = Release|x64
		{CCC72C2F-AAA4-4D9B-8479-4B458D54D9E2}.Release|x86.ActiveCfg = Release|x86
		{CCC72C2F-AAA4-4D9B-8479-4B458D54D9E2}.Release|x86.Build.0 = Release|x86
		{978F1125-E612-49BD-B64D-747F06CD8F5A}.Debug|Any CPU.ActiveCfg = Debug|Any CPU
		{978F1125-E612-49BD-B64D-747F06CD8F5A}.Debug|Any CPU.Build.0 = Debug|Any CPU
		{978F1125-E612-49BD-B64D-747F06CD8F5A}.Debug|x64.ActiveCfg = Debug|Any CPU
		{978F1125-E612-49BD-B64D-747F06CD8F5A}.Debug|x64.Build.0 = Debug|Any CPU
		{978F1125-E612-49BD-B64D-747F06CD8F5A}.Debug|x86.ActiveCfg = Debug|Any CPU
		{978F1125-E612-49BD-B64D-747F06CD8F5A}.Debug|x86.Build.0 = Debug|Any CPU
		{978F1125-E612-49BD-B64D-747F06CD8F5A}.Release|Any CPU.ActiveCfg = Release|Any CPU
		{978F1125-E612-49BD-B64D-747F06CD8F5A}.Release|Any CPU.Build.0 = Release|Any CPU
		{978F1125-E612-49BD-B64D-747F06CD8F5A}.Release|x64.ActiveCfg = Release|Any CPU
		{978F1125-E612-49BD-B64D-747F06CD8F5A}.Release|x64.Build.0 = Release|Any CPU
		{978F1125-E612-49BD-B64D-747F06CD8F5A}.Release|x86.ActiveCfg = Release|Any CPU
		{978F1125-E612-49BD-B64D-747F06CD8F5A}.Release|x86.Build.0 = Release|Any CPU
		{4C4B7E43-AED6-4163-87FD-F74F5B275C48}.Debug|Any CPU.ActiveCfg = Debug|Any CPU
		{4C4B7E43-AED6-4163-87FD-F74F5B275C48}.Debug|Any CPU.Build.0 = Debug|Any CPU
		{4C4B7E43-AED6-4163-87FD-F74F5B275C48}.Debug|x64.ActiveCfg = Debug|Any CPU
		{4C4B7E43-AED6-4163-87FD-F74F5B275C48}.Debug|x64.Build.0 = Debug|Any CPU
		{4C4B7E43-AED6-4163-87FD-F74F5B275C48}.Debug|x86.ActiveCfg = Debug|Any CPU
		{4C4B7E43-AED6-4163-87FD-F74F5B275C48}.Debug|x86.Build.0 = Debug|Any CPU
		{4C4B7E43-AED6-4163-87FD-F74F5B275C48}.Release|Any CPU.ActiveCfg = Release|Any CPU
		{4C4B7E43-AED6-4163-87FD-F74F5B275C48}.Release|Any CPU.Build.0 = Release|Any CPU
		{4C4B7E43-AED6-4163-87FD-F74F5B275C48}.Release|x64.ActiveCfg = Release|Any CPU
		{4C4B7E43-AED6-4163-87FD-F74F5B275C48}.Release|x64.Build.0 = Release|Any CPU
		{4C4B7E43-AED6-4163-87FD-F74F5B275C48}.Release|x86.ActiveCfg = Release|Any CPU
		{4C4B7E43-AED6-4163-87FD-F74F5B275C48}.Release|x86.Build.0 = Release|Any CPU
	EndGlobalSection
	GlobalSection(SolutionProperties) = preSolution
		HideSolutionNode = FALSE
	EndGlobalSection
	GlobalSection(NestedProjects) = preSolution
		{CB7312FF-2CC6-4252-9E42-9FDE0193897F} = {8C148157-27EE-4AF1-80BC-35D984C23274}
		{1925668F-BC83-4ACD-A033-8CF0F00E85F4} = {8C148157-27EE-4AF1-80BC-35D984C23274}
		{01E724E7-5841-48B9-B4FC-AAD050E13251} = {8C148157-27EE-4AF1-80BC-35D984C23274}
		{A58DB4B9-39D1-4B0F-B25C-45DB717A1F14} = {F9070047-6C51-4294-978D-333507FE6ACA}
		{6991BF1E-0B3E-4D91-BB13-B289836EB408} = {F9070047-6C51-4294-978D-333507FE6ACA}
		{195ACC33-111C-4AC4-A624-1EA4644D6162} = {F9070047-6C51-4294-978D-333507FE6ACA}
		{D2493E0B-1A34-4AF5-B641-21F9B8F836DD} = {F9070047-6C51-4294-978D-333507FE6ACA}
		{F22E80F9-7177-4F10-80FA-48A08F1850BC} = {F9070047-6C51-4294-978D-333507FE6ACA}
		{D17A54FD-19D2-4F13-925C-9F6579058242} = {F9070047-6C51-4294-978D-333507FE6ACA}
		{4C4B7E43-AED6-4163-87FD-F74F5B275C48} = {9F90E0A9-CA1C-4C97-B839-BD4715650149}
	EndGlobalSection
	GlobalSection(ExtensibilityGlobals) = postSolution
		SolutionGuid = {1AB48451-8CF2-4992-8CDC-E31E15873530}
	EndGlobalSection
EndGlobal
